// !$*UTF8*$!
{
	archiveVersion = 1;
	classes = {
	};
	objectVersion = 46;
	objects = {

/* Begin PBXBuildFile section */
		C57D0C4D1CBD742E009927B7 /* trash.swift in Sources */ = {isa = PBXBuildFile; fileRef = C57D0C4C1CBD742E009927B7 /* trash.swift */; };
		C5F02BE91CB97697008DF574 /* main.swift in Sources */ = {isa = PBXBuildFile; fileRef = C5F02BE81CB97697008DF574 /* main.swift */; };
/* End PBXBuildFile section */

/* Begin PBXCopyFilesBuildPhase section */
		C5F02BE31CB97697008DF574 /* CopyFiles */ = {
			isa = PBXCopyFilesBuildPhase;
			buildActionMask = 2147483647;
			dstPath = /usr/share/man/man1/;
			dstSubfolderSpec = 0;
			files = (
			);
			runOnlyForDeploymentPostprocessing = 1;
		};
/* End PBXCopyFilesBuildPhase section */

/* Begin PBXFileReference section */
		C57D0C441CBB1F49009927B7 /* readme.md */ = {isa = PBXFileReference; lastKnownFileType = net.daringfireball.markdown; path = readme.md; sourceTree = "<group>"; };
		C57D0C451CBD55F7009927B7 /* Finder.h */ = {isa = PBXFileReference; lastKnownFileType = sourcecode.c.h; path = Finder.h; sourceTree = "<group>"; };
		C57D0C481CBD6B92009927B7 /* trash-Bridging-Header.h */ = {isa = PBXFileReference; lastKnownFileType = sourcecode.c.h; path = "trash-Bridging-Header.h"; sourceTree = "<group>"; };
		C57D0C4C1CBD742E009927B7 /* trash.swift */ = {isa = PBXFileReference; fileEncoding = 4; lastKnownFileType = sourcecode.swift; path = trash.swift; sourceTree = "<group>"; };
		C5F02BE51CB97697008DF574 /* trash */ = {isa = PBXFileReference; explicitFileType = "compiled.mach-o.executable"; includeInIndex = 0; path = trash; sourceTree = BUILT_PRODUCTS_DIR; };
		C5F02BE81CB97697008DF574 /* main.swift */ = {isa = PBXFileReference; lastKnownFileType = sourcecode.swift; path = main.swift; sourceTree = "<group>"; };
/* End PBXFileReference section */

/* Begin PBXFrameworksBuildPhase section */
		C5F02BE21CB97697008DF574 /* Frameworks */ = {
			isa = PBXFrameworksBuildPhase;
			buildActionMask = 2147483647;
			files = (
			);
			runOnlyForDeploymentPostprocessing = 0;
		};
/* End PBXFrameworksBuildPhase section */

/* Begin PBXGroup section */
		C5F02BDC1CB97697008DF574 = {
			isa = PBXGroup;
			children = (
				C57D0C441CBB1F49009927B7 /* readme.md */,
				C5F02BE71CB97697008DF574 /* trash */,
				C5F02BE61CB97697008DF574 /* Products */,
			);
			sourceTree = "<group>";
		};
		C5F02BE61CB97697008DF574 /* Products */ = {
			isa = PBXGroup;
			children = (
				C5F02BE51CB97697008DF574 /* trash */,
			);
			name = Products;
			sourceTree = "<group>";
		};
		C5F02BE71CB97697008DF574 /* trash */ = {
			isa = PBXGroup;
			children = (
				C5F02BE81CB97697008DF574 /* main.swift */,
				C57D0C4C1CBD742E009927B7 /* trash.swift */,
				C57D0C481CBD6B92009927B7 /* trash-Bridging-Header.h */,
				C57D0C451CBD55F7009927B7 /* Finder.h */,
			);
			path = trash;
			sourceTree = "<group>";
		};
/* End PBXGroup section */

/* Begin PBXNativeTarget section */
		C5F02BE41CB97697008DF574 /* trash */ = {
			isa = PBXNativeTarget;
			buildConfigurationList = C5F02BEC1CB97697008DF574 /* Build configuration list for PBXNativeTarget "trash" */;
			buildPhases = (
				C5F02BE11CB97697008DF574 /* Sources */,
				C5F02BE21CB97697008DF574 /* Frameworks */,
				C5F02BE31CB97697008DF574 /* CopyFiles */,
			);
			buildRules = (
			);
			dependencies = (
			);
			name = trash;
			productName = trash;
			productReference = C5F02BE51CB97697008DF574 /* trash */;
			productType = "com.apple.product-type.tool";
		};
/* End PBXNativeTarget section */

/* Begin PBXProject section */
		C5F02BDD1CB97697008DF574 /* Project object */ = {
			isa = PBXProject;
			attributes = {
				LastSwiftUpdateCheck = 0730;
				LastUpgradeCheck = 0730;
				ORGANIZATIONNAME = sunmix;
				TargetAttributes = {
					C5F02BE41CB97697008DF574 = {
						CreatedOnToolsVersion = 7.3;
					};
				};
			};
			buildConfigurationList = C5F02BE01CB97697008DF574 /* Build configuration list for PBXProject "trash" */;
			compatibilityVersion = "Xcode 3.2";
			developmentRegion = English;
			hasScannedForEncodings = 0;
			knownRegions = (
				en,
			);
			mainGroup = C5F02BDC1CB97697008DF574;
			productRefGroup = C5F02BE61CB97697008DF574 /* Products */;
			projectDirPath = "";
			projectRoot = "";
			targets = (
				C5F02BE41CB97697008DF574 /* trash */,
			);
		};
/* End PBXProject section */

/* Begin PBXSourcesBuildPhase section */
		C5F02BE11CB97697008DF574 /* Sources */ = {
			isa = PBXSourcesBuildPhase;
			buildActionMask = 2147483647;
			files = (
				C57D0C4D1CBD742E009927B7 /* trash.swift in Sources */,
				C5F02BE91CB97697008DF574 /* main.swift in Sources */,
			);
			runOnlyForDeploymentPostprocessing = 0;
		};
/* End PBXSourcesBuildPhase section */

/* Begin XCBuildConfiguration section */
		C5F02BEA1CB97697008DF574 /* Debug */ = {
			isa = XCBuildConfiguration;
			buildSettings = {
				ALWAYS_SEARCH_USER_PATHS = NO;
				CLANG_ANALYZER_NONNULL = YES;
				CLANG_CXX_LANGUAGE_STANDARD = "gnu++0x";
				CLANG_CXX_LIBRARY = "libc++";
				CLANG_ENABLE_MODULES = YES;
				CLANG_ENABLE_OBJC_ARC = YES;
				CLANG_WARN_BOOL_CONVERSION = YES;
				CLANG_WARN_CONSTANT_CONVERSION = YES;
				CLANG_WARN_DIRECT_OBJC_ISA_USAGE = YES_ERROR;
				CLANG_WARN_EMPTY_BODY = YES;
				CLANG_WARN_ENUM_CONVERSION = YES;
				CLANG_WARN_INT_CONVERSION = YES;
				CLANG_WARN_OBJC_ROOT_CLASS = YES_ERROR;
				CLANG_WARN_UNREACHABLE_CODE = YES;
				CLANG_WARN__DUPLICATE_METHOD_MATCH = YES;
				CODE_SIGN_IDENTITY = "-";
				COPY_PHASE_STRIP = NO;
				DEBUG_INFORMATION_FORMAT = dwarf;
				ENABLE_STRICT_OBJC_MSGSEND = YES;
				ENABLE_TESTABILITY = YES;
				GCC_C_LANGUAGE_STANDARD = gnu99;
				GCC_DYNAMIC_NO_PIC = NO;
				GCC_NO_COMMON_BLOCKS = YES;
				GCC_OPTIMIZATION_LEVEL = 0;
				GCC_PREPROCESSOR_DEFINITIONS = (
					"DEBUG=1",
					"$(inherited)",
				);
				GCC_WARN_64_TO_32_BIT_CONVERSION = YES;
				GCC_WARN_ABOUT_RETURN_TYPE = YES_ERROR;
				GCC_WARN_UNDECLARED_SELECTOR = YES;
				GCC_WARN_UNINITIALIZED_AUTOS = YES_AGGRESSIVE;
				GCC_WARN_UNUSED_FUNCTION = YES;
				GCC_WARN_UNUSED_VARIABLE = YES;
				MACOSX_DEPLOYMENT_TARGET = 10.11;
				MTL_ENABLE_DEBUG_INFO = YES;
				ONLY_ACTIVE_ARCH = YES;
				SDKROOT = macosx;
				SWIFT_OPTIMIZATION_LEVEL = "-Onone";
			};
			name = Debug;
		};
		C5F02BEB1CB97697008DF574 /* Release */ = {
			isa = XCBuildConfiguration;
			buildSettings = {
				ALWAYS_SEARCH_USER_PATHS = NO;
				CLANG_ANALYZER_NONNULL = YES;
				CLANG_CXX_LANGUAGE_STANDARD = "gnu++0x";
				CLANG_CXX_LIBRARY = "libc++";
				CLANG_ENABLE_MODULES = YES;
				CLANG_ENABLE_OBJC_ARC = YES;
				CLANG_WARN_BOOL_CONVERSION = YES;
				CLANG_WARN_CONSTANT_CONVERSION = YES;
				CLANG_WARN_DIRECT_OBJC_ISA_USAGE = YES_ERROR;
				CLANG_WARN_EMPTY_BODY = YES;
				CLANG_WARN_ENUM_CONVERSION = YES;
				CLANG_WARN_INT_CONVERSION = YES;
				CLANG_WARN_OBJC_ROOT_CLASS = YES_ERROR;
				CLANG_WARN_UNREACHABLE_CODE = YES;
				CLANG_WARN__DUPLICATE_METHOD_MATCH = YES;
				CODE_SIGN_IDENTITY = "-";
				COPY_PHASE_STRIP = NO;
				DEBUG_INFORMATION_FORMAT = "dwarf-with-dsym";
				ENABLE_NS_ASSERTIONS = NO;
				ENABLE_STRICT_OBJC_MSGSEND = YES;
				GCC_C_LANGUAGE_STANDARD = gnu99;
				GCC_NO_COMMON_BLOCKS = YES;
				GCC_WARN_64_TO_32_BIT_CONVERSION = YES;
				GCC_WARN_ABOUT_RETURN_TYPE = YES_ERROR;
				GCC_WARN_UNDECLARED_SELECTOR = YES;
				GCC_WARN_UNINITIALIZED_AUTOS = YES_AGGRESSIVE;
				GCC_WARN_UNUSED_FUNCTION = YES;
				GCC_WARN_UNUSED_VARIABLE = YES;
				MACOSX_DEPLOYMENT_TARGET = 10.11;
				MTL_ENABLE_DEBUG_INFO = NO;
				SDKROOT = macosx;
			};
			name = Release;
		};
		C5F02BED1CB97697008DF574 /* Debug */ = {
			isa = XCBuildConfiguration;
			buildSettings = {
				CLANG_ENABLE_MODULES = YES;
				LD_RUNPATH_SEARCH_PATHS = "$(inherited) @executable_path/../Frameworks @loader_path/../Frameworks";
				PRODUCT_NAME = "$(TARGET_NAME)";
				SWIFT_OBJC_BRIDGING_HEADER = "trash/trash-Bridging-Header.h";
				SWIFT_OPTIMIZATION_LEVEL = "-Onone";
			};
			name = Debug;
		};
		C5F02BEE1CB97697008DF574 /* Release */ = {
			isa = XCBuildConfiguration;
			buildSettings = {
				CLANG_ENABLE_MODULES = YES;
				LD_RUNPATH_SEARCH_PATHS = "$(inherited) @executable_path/../Frameworks @loader_path/../Frameworks";
				PRODUCT_NAME = "$(TARGET_NAME)";
				SWIFT_OBJC_BRIDGING_HEADER = "trash/trash-Bridging-Header.h";
			};
			name = Release;
		};
/* End XCBuildConfiguration section */

/* Begin XCConfigurationList section */
		C5F02BE01CB97697008DF574 /* Build configuration list for PBXProject "trash" */ = {
			isa = XCConfigurationList;
			buildConfigurations = (
				C5F02BEA1CB97697008DF574 /* Debug */,
				C5F02BEB1CB97697008DF574 /* Release */,
			);
			defaultConfigurationIsVisible = 0;
			defaultConfigurationName = Release;
		};
		C5F02BEC1CB97697008DF574 /* Build configuration list for PBXNativeTarget "trash" */ = {
			isa = XCConfigurationList;
			buildConfigurations = (
				C5F02BED1CB97697008DF574 /* Debug */,
				C5F02BEE1CB97697008DF574 /* Release */,
			);
			defaultConfigurationIsVisible = 0;
			defaultConfigurationName = Release;
		};
/* End XCConfigurationList section */
	};
	rootObject = C5F02BDD1CB97697008DF574 /* Project object */;
}
